
Microsoft Visual Studio Solution File, Format Version 12.00
# Visual Studio Version 17
VisualStudioVersion = 17.2.32630.192
MinimumVisualStudioVersion = 10.0.40219.1
Project("{FAE04EC0-301F-11D3-BF4B-00C04F79EFBC}") = "DotNetLab5", "DotNetLab5\DotNetLab5.csproj", "{D6162024-0B4A-41B3-8832-1563E23822DB}"
EndProject
Global
	GlobalSection(SolutionConfigurationPlatforms) = preSolution
		Debug|Any CPU = Debug|Any CPU
		Release|Any CPU = Release|Any CPU
	EndGlobalSection
	GlobalSection(ProjectConfigurationPlatforms) = postSolution
		{D6162024-0B4A-41B3-8832-1563E23822DB}.Debug|Any CPU.ActiveCfg = Debug|Any CPU
		{D6162024-0B4A-41B3-8832-1563E23822DB}.Debug|Any CPU.Build.0 = Debug|Any CPU
		{D6162024-0B4A-41B3-8832-1563E23822DB}.Release|Any CPU.ActiveCfg = Release|Any CPU
		{D6162024-0B4A-41B3-8832-1563E23822DB}.Release|Any CPU.Build.0 = Release|Any CPU
	EndGlobalSection
	GlobalSection(SolutionProperties) = preSolution
		HideSolutionNode = FALSE
	EndGlobalSection
	GlobalSection(ExtensibilityGlobals) = postSolution
		SolutionGuid = {84383F3F-91AC-44A5-9138-B1434F83DDE5}
	EndGlobalSection
EndGlobal
